
Microsoft Visual Studio Solution File, Format Version 12.00
# Visual Studio Version 16
VisualStudioVersion = 16.0.29613.14
MinimumVisualStudioVersion = 10.0.40219.1
Project("{2150E333-8FDC-42A3-9474-1A3956D46DE8}") = "src", "src", "{105E3818-E6DE-46E8-88FA-361E9DF8F50F}"
EndProject
Project("{2150E333-8FDC-42A3-9474-1A3956D46DE8}") = "0 - Presentation", "0 - Presentation", "{1729A186-2552-4499-A7DB-3C601005D4B9}"
EndProject
Project("{2150E333-8FDC-42A3-9474-1A3956D46DE8}") = "1 - Service", "1 - Service", "{832B7BCD-B13F-4974-8C78-1AA4355174BB}"
EndProject
Project("{2150E333-8FDC-42A3-9474-1A3956D46DE8}") = "2 - Application", "2 - Application", "{48F88074-F05C-4E8B-B8AF-D22C1BF503AE}"
EndProject
Project("{2150E333-8FDC-42A3-9474-1A3956D46DE8}") = "3 - Domain", "3 - Domain", "{EC5DC7A2-0A51-4E2D-BE7E-15B545860B0E}"
EndProject
Project("{2150E333-8FDC-42A3-9474-1A3956D46DE8}") = "4 - Infra", "4 - Infra", "{1385B0F7-A048-437E-9D22-842775C76622}"
EndProject
Project("{9A19103F-16F7-4668-BE54-9A1E7A4F7556}") = "MvcMovie", "src\MvcMovie\MvcMovie.csproj", "{DE3776B5-24CF-4635-90A8-50297DF47150}"
EndProject
Project("{9A19103F-16F7-4668-BE54-9A1E7A4F7556}") = "RazorPagesMovie", "src\RazorPagesMovie\RazorPagesMovie.csproj", "{1B579BE8-9D9E-4711-9355-693721A558B9}"
EndProject
Project("{9A19103F-16F7-4668-BE54-9A1E7A4F7556}") = "RazorPagesContosoUniversity", "src\ContosoUniversity\RazorPagesContosoUniversity.csproj", "{57D325C6-6FD5-401C-AE19-5A7929B7ACA9}"
EndProject
Project("{FAE04EC0-301F-11D3-BF4B-00C04F79EFBC}") = "MvcContosoUniversity", "src\MvcContosoUniversity\MvcContosoUniversity.csproj", "{7C808B91-D143-46D7-B5ED-E5261C9301B8}"
EndProject
Global
	GlobalSection(SolutionConfigurationPlatforms) = preSolution
		Debug|Any CPU = Debug|Any CPU
		Release|Any CPU = Release|Any CPU
	EndGlobalSection
	GlobalSection(ProjectConfigurationPlatforms) = postSolution
		{DE3776B5-24CF-4635-90A8-50297DF47150}.Debug|Any CPU.ActiveCfg = Debug|Any CPU
		{DE3776B5-24CF-4635-90A8-50297DF47150}.Debug|Any CPU.Build.0 = Debug|Any CPU
		{DE3776B5-24CF-4635-90A8-50297DF47150}.Release|Any CPU.ActiveCfg = Release|Any CPU
		{DE3776B5-24CF-4635-90A8-50297DF47150}.Release|Any CPU.Build.0 = Release|Any CPU
		{1B579BE8-9D9E-4711-9355-693721A558B9}.Debug|Any CPU.ActiveCfg = Debug|Any CPU
		{1B579BE8-9D9E-4711-9355-693721A558B9}.Debug|Any CPU.Build.0 = Debug|Any CPU
		{1B579BE8-9D9E-4711-9355-693721A558B9}.Release|Any CPU.ActiveCfg = Release|Any CPU
		{1B579BE8-9D9E-4711-9355-693721A558B9}.Release|Any CPU.Build.0 = Release|Any CPU
		{57D325C6-6FD5-401C-AE19-5A7929B7ACA9}.Debug|Any CPU.ActiveCfg = Debug|Any CPU
		{57D325C6-6FD5-401C-AE19-5A7929B7ACA9}.Debug|Any CPU.Build.0 = Debug|Any CPU
		{57D325C6-6FD5-401C-AE19-5A7929B7ACA9}.Release|Any CPU.ActiveCfg = Release|Any CPU
		{57D325C6-6FD5-401C-AE19-5A7929B7ACA9}.Release|Any CPU.Build.0 = Release|Any CPU
		{7C808B91-D143-46D7-B5ED-E5261C9301B8}.Debug|Any CPU.ActiveCfg = Debug|Any CPU
		{7C808B91-D143-46D7-B5ED-E5261C9301B8}.Debug|Any CPU.Build.0 = Debug|Any CPU
		{7C808B91-D143-46D7-B5ED-E5261C9301B8}.Release|Any CPU.ActiveCfg = Release|Any CPU
		{7C808B91-D143-46D7-B5ED-E5261C9301B8}.Release|Any CPU.Build.0 = Release|Any CPU
	EndGlobalSection
	GlobalSection(SolutionProperties) = preSolution
		HideSolutionNode = FALSE
	EndGlobalSection
	GlobalSection(NestedProjects) = preSolution
		{1729A186-2552-4499-A7DB-3C601005D4B9} = {105E3818-E6DE-46E8-88FA-361E9DF8F50F}
		{832B7BCD-B13F-4974-8C78-1AA4355174BB} = {105E3818-E6DE-46E8-88FA-361E9DF8F50F}
		{48F88074-F05C-4E8B-B8AF-D22C1BF503AE} = {105E3818-E6DE-46E8-88FA-361E9DF8F50F}
		{EC5DC7A2-0A51-4E2D-BE7E-15B545860B0E} = {105E3818-E6DE-46E8-88FA-361E9DF8F50F}
		{1385B0F7-A048-437E-9D22-842775C76622} = {105E3818-E6DE-46E8-88FA-361E9DF8F50F}
		{DE3776B5-24CF-4635-90A8-50297DF47150} = {1729A186-2552-4499-A7DB-3C601005D4B9}
		{1B579BE8-9D9E-4711-9355-693721A558B9} = {1729A186-2552-4499-A7DB-3C601005D4B9}
		{57D325C6-6FD5-401C-AE19-5A7929B7ACA9} = {1729A186-2552-4499-A7DB-3C601005D4B9}
		{7C808B91-D143-46D7-B5ED-E5261C9301B8} = {1729A186-2552-4499-A7DB-3C601005D4B9}
	EndGlobalSection
	GlobalSection(ExtensibilityGlobals) = postSolution
		SolutionGuid = {2861E304-C604-4DD8-B0B2-C961027569BB}
	EndGlobalSection
EndGlobal
